
Microsoft Visual Studio Solution File, Format Version 12.00
# Visual Studio Version 17
VisualStudioVersion = 17.7.34024.191
MinimumVisualStudioVersion = 10.0.40219.1
Project("{FAE04EC0-301F-11D3-BF4B-00C04F79EFBC}") = "symulator", "symulator\symulator.csproj", "{FFBFE6E7-819D-4759-BFAE-F320B4F9990E}"
EndProject
Global
	GlobalSection(SolutionConfigurationPlatforms) = preSolution
		Debug|Any CPU = Debug|Any CPU
		Release|Any CPU = Release|Any CPU
	EndGlobalSection
	GlobalSection(ProjectConfigurationPlatforms) = postSolution
		{FFBFE6E7-819D-4759-BFAE-F320B4F9990E}.Debug|Any CPU.ActiveCfg = Debug|Any CPU
		{FFBFE6E7-819D-4759-BFAE-F320B4F9990E}.Debug|Any CPU.Build.0 = Debug|Any CPU
		{FFBFE6E7-819D-4759-BFAE-F320B4F9990E}.Release|Any CPU.ActiveCfg = Release|Any CPU
		{FFBFE6E7-819D-4759-BFAE-F320B4F9990E}.Release|Any CPU.Build.0 = Release|Any CPU
	EndGlobalSection
	GlobalSection(SolutionProperties) = preSolution
		HideSolutionNode = FALSE
	EndGlobalSection
	GlobalSection(ExtensibilityGlobals) = postSolution
		SolutionGuid = {0277537A-72F9-4A21-B086-BFB82B9B66AC}
	EndGlobalSection
EndGlobal
